Microsoft Visual Studio Solution File, Format Version 11.00
# Visual Studio 2008

Project("{26B626DA-5C34-71BF-9B61-FFDC9ED53BDE}") = "AeonsKeeper_1.0.5.2", "Assembly-CSharp-firstpass.csproj", "{DE444DEF-4022-343D-19C1-7EDFFD639FB8}"
EndProject
Project("{26B626DA-5C34-71BF-9B61-FFDC9ED53BDE}") = "AeonsKeeper_1.0.5.2", "Assembly-CSharp.csproj", "{33E30C7D-FB24-3A37-37D2-C011E922626B}"
EndProject
Project("{26B626DA-5C34-71BF-9B61-FFDC9ED53BDE}") = "AeonsKeeper_1.0.5.2", "Assembly-UnityScript-firstpass.unityproj", "{33C575F2-5843-15D3-747F-2EEA6D5E2974}"
EndProject
Project("{26B626DA-5C34-71BF-9B61-FFDC9ED53BDE}") = "AeonsKeeper_1.0.5.2", "Assembly-UnityScript.unityproj", "{969B33DD-82DA-5E0B-9090-98D3F65FF756}"
EndProject
Global
	GlobalSection(SolutionConfigurationPlatforms) = preSolution
		Debug|Any CPU = Debug|Any CPU
		Release|Any CPU = Release|Any CPU
	EndGlobalSection
	GlobalSection(ProjectConfigurationPlatforms) = postSolution
		{DE444DEF-4022-343D-19C1-7EDFFD639FB8}.Debug|Any CPU.ActiveCfg = Debug|Any CPU
		{DE444DEF-4022-343D-19C1-7EDFFD639FB8}.Debug|Any CPU.Build.0 = Debug|Any CPU
		{DE444DEF-4022-343D-19C1-7EDFFD639FB8}.Release|Any CPU.ActiveCfg = Release|Any CPU
		{DE444DEF-4022-343D-19C1-7EDFFD639FB8}.Release|Any CPU.Build.0 = Release|Any CPU
		{33E30C7D-FB24-3A37-37D2-C011E922626B}.Debug|Any CPU.ActiveCfg = Debug|Any CPU
		{33E30C7D-FB24-3A37-37D2-C011E922626B}.Debug|Any CPU.Build.0 = Debug|Any CPU
		{33E30C7D-FB24-3A37-37D2-C011E922626B}.Release|Any CPU.ActiveCfg = Release|Any CPU
		{33E30C7D-FB24-3A37-37D2-C011E922626B}.Release|Any CPU.Build.0 = Release|Any CPU
		{33C575F2-5843-15D3-747F-2EEA6D5E2974}.Debug|Any CPU.ActiveCfg = Debug|Any CPU
		{33C575F2-5843-15D3-747F-2EEA6D5E2974}.Debug|Any CPU.Build.0 = Debug|Any CPU
		{33C575F2-5843-15D3-747F-2EEA6D5E2974}.Release|Any CPU.ActiveCfg = Release|Any CPU
		{33C575F2-5843-15D3-747F-2EEA6D5E2974}.Release|Any CPU.Build.0 = Release|Any CPU
		{969B33DD-82DA-5E0B-9090-98D3F65FF756}.Debug|Any CPU.ActiveCfg = Debug|Any CPU
		{969B33DD-82DA-5E0B-9090-98D3F65FF756}.Debug|Any CPU.Build.0 = Debug|Any CPU
		{969B33DD-82DA-5E0B-9090-98D3F65FF756}.Release|Any CPU.ActiveCfg = Release|Any CPU
		{969B33DD-82DA-5E0B-9090-98D3F65FF756}.Release|Any CPU.Build.0 = Release|Any CPU
	EndGlobalSection
	GlobalSection(SolutionProperties) = preSolution
		HideSolutionNode = FALSE
	EndGlobalSection
										GlobalSection(MonoDevelopProperties) = preSolution
		StartupItem = Assembly-CSharp.csproj
		Policies = $0
		$0.TextStylePolicy = $1
		$1.inheritsSet = null
		$1.scope = text/x-csharp
		$0.CSharpFormattingPolicy = $2
		$2.inheritsSet = Mono
		$2.inheritsScope = text/x-csharp
		$2.scope = text/x-csharp
		$0.TextStylePolicy = $3
		$3.FileWidth = 120
		$3.TabWidth = 4
		$3.EolMarker = Unix
		$3.inheritsSet = Mono
		$3.inheritsScope = text/plain
		$3.scope = text/plain
	EndGlobalSection

EndGlobal
