Microsoft Visual Studio Solution File, Format Version 11.00
# Visual Studio 2008

Project("{8DDDFCAC-AF1D-3D19-E05C-145BF3BB4067}") = "AeonsKeeper_1.0.5.3", "Assembly-CSharp-firstpass.csproj", "{E0F0DF0C-7F6F-5625-B6A8-C27ABA6ECDBC}"
EndProject
Project("{8DDDFCAC-AF1D-3D19-E05C-145BF3BB4067}") = "AeonsKeeper_1.0.5.3", "Assembly-CSharp.csproj", "{CF871F36-092D-643C-5669-C81919006A79}"
EndProject
Project("{8DDDFCAC-AF1D-3D19-E05C-145BF3BB4067}") = "AeonsKeeper_1.0.5.3", "Assembly-UnityScript-firstpass.unityproj", "{5A902290-A23C-A445-4ABC-7C9F05094AB2}"
EndProject
Project("{8DDDFCAC-AF1D-3D19-E05C-145BF3BB4067}") = "AeonsKeeper_1.0.5.3", "Assembly-UnityScript.unityproj", "{1AF5AC98-9BDE-7A11-4EE0-250C205B53F0}"
EndProject
Global
	GlobalSection(SolutionConfigurationPlatforms) = preSolution
		Debug|Any CPU = Debug|Any CPU
		Release|Any CPU = Release|Any CPU
	EndGlobalSection
	GlobalSection(ProjectConfigurationPlatforms) = postSolution
		{E0F0DF0C-7F6F-5625-B6A8-C27ABA6ECDBC}.Debug|Any CPU.ActiveCfg = Debug|Any CPU
		{E0F0DF0C-7F6F-5625-B6A8-C27ABA6ECDBC}.Debug|Any CPU.Build.0 = Debug|Any CPU
		{E0F0DF0C-7F6F-5625-B6A8-C27ABA6ECDBC}.Release|Any CPU.ActiveCfg = Release|Any CPU
		{E0F0DF0C-7F6F-5625-B6A8-C27ABA6ECDBC}.Release|Any CPU.Build.0 = Release|Any CPU
		{CF871F36-092D-643C-5669-C81919006A79}.Debug|Any CPU.ActiveCfg = Debug|Any CPU
		{CF871F36-092D-643C-5669-C81919006A79}.Debug|Any CPU.Build.0 = Debug|Any CPU
		{CF871F36-092D-643C-5669-C81919006A79}.Release|Any CPU.ActiveCfg = Release|Any CPU
		{CF871F36-092D-643C-5669-C81919006A79}.Release|Any CPU.Build.0 = Release|Any CPU
		{5A902290-A23C-A445-4ABC-7C9F05094AB2}.Debug|Any CPU.ActiveCfg = Debug|Any CPU
		{5A902290-A23C-A445-4ABC-7C9F05094AB2}.Debug|Any CPU.Build.0 = Debug|Any CPU
		{5A902290-A23C-A445-4ABC-7C9F05094AB2}.Release|Any CPU.ActiveCfg = Release|Any CPU
		{5A902290-A23C-A445-4ABC-7C9F05094AB2}.Release|Any CPU.Build.0 = Release|Any CPU
		{1AF5AC98-9BDE-7A11-4EE0-250C205B53F0}.Debug|Any CPU.ActiveCfg = Debug|Any CPU
		{1AF5AC98-9BDE-7A11-4EE0-250C205B53F0}.Debug|Any CPU.Build.0 = Debug|Any CPU
		{1AF5AC98-9BDE-7A11-4EE0-250C205B53F0}.Release|Any CPU.ActiveCfg = Release|Any CPU
		{1AF5AC98-9BDE-7A11-4EE0-250C205B53F0}.Release|Any CPU.Build.0 = Release|Any CPU
	EndGlobalSection
	GlobalSection(SolutionProperties) = preSolution
		HideSolutionNode = FALSE
	EndGlobalSection
	GlobalSection(MonoDevelopProperties) = preSolution
		StartupItem = Assembly-CSharp.csproj
		Policies = $0
		$0.TextStylePolicy = $1
		$1.inheritsSet = null
		$1.scope = text/x-csharp
		$0.CSharpFormattingPolicy = $2
		$2.inheritsSet = Mono
		$2.inheritsScope = text/x-csharp
		$2.scope = text/x-csharp
		$0.TextStylePolicy = $3
		$3.FileWidth = 120
		$3.TabWidth = 4
		$3.EolMarker = Unix
		$3.inheritsSet = Mono
		$3.inheritsScope = text/plain
		$3.scope = text/plain
	EndGlobalSection
EndGlobal
