Microsoft Visual Studio Solution File, Format Version 11.00
# Visual Studio 2008

Project("{D31A165E-C210-F1F7-49DE-4C9CB6C4A3A5}") = "AeonsKeeper_1.0.6.3", "Assembly-CSharp-firstpass.csproj", "{8C4688E6-A8A7-CC7C-4B63-F6858E5D0F86}"
EndProject
Project("{D31A165E-C210-F1F7-49DE-4C9CB6C4A3A5}") = "AeonsKeeper_1.0.6.3", "Assembly-CSharp.csproj", "{752B0CC2-760C-41B9-2026-8A57D3F04139}"
EndProject
Project("{D31A165E-C210-F1F7-49DE-4C9CB6C4A3A5}") = "AeonsKeeper_1.0.6.3", "Assembly-UnityScript-firstpass.unityproj", "{1B7E92D2-B8F0-76C3-02C9-F89711D76AFA}"
EndProject
Project("{D31A165E-C210-F1F7-49DE-4C9CB6C4A3A5}") = "AeonsKeeper_1.0.6.3", "Assembly-UnityScript.unityproj", "{87D99E18-3FBF-3C5C-7C6D-584BD8853E33}"
EndProject
Global
	GlobalSection(SolutionConfigurationPlatforms) = preSolution
		Debug|Any CPU = Debug|Any CPU
		Release|Any CPU = Release|Any CPU
	EndGlobalSection
	GlobalSection(ProjectConfigurationPlatforms) = postSolution
		{8C4688E6-A8A7-CC7C-4B63-F6858E5D0F86}.Debug|Any CPU.ActiveCfg = Debug|Any CPU
		{8C4688E6-A8A7-CC7C-4B63-F6858E5D0F86}.Debug|Any CPU.Build.0 = Debug|Any CPU
		{8C4688E6-A8A7-CC7C-4B63-F6858E5D0F86}.Release|Any CPU.ActiveCfg = Release|Any CPU
		{8C4688E6-A8A7-CC7C-4B63-F6858E5D0F86}.Release|Any CPU.Build.0 = Release|Any CPU
		{752B0CC2-760C-41B9-2026-8A57D3F04139}.Debug|Any CPU.ActiveCfg = Debug|Any CPU
		{752B0CC2-760C-41B9-2026-8A57D3F04139}.Debug|Any CPU.Build.0 = Debug|Any CPU
		{752B0CC2-760C-41B9-2026-8A57D3F04139}.Release|Any CPU.ActiveCfg = Release|Any CPU
		{752B0CC2-760C-41B9-2026-8A57D3F04139}.Release|Any CPU.Build.0 = Release|Any CPU
		{1B7E92D2-B8F0-76C3-02C9-F89711D76AFA}.Debug|Any CPU.ActiveCfg = Debug|Any CPU
		{1B7E92D2-B8F0-76C3-02C9-F89711D76AFA}.Debug|Any CPU.Build.0 = Debug|Any CPU
		{1B7E92D2-B8F0-76C3-02C9-F89711D76AFA}.Release|Any CPU.ActiveCfg = Release|Any CPU
		{1B7E92D2-B8F0-76C3-02C9-F89711D76AFA}.Release|Any CPU.Build.0 = Release|Any CPU
		{87D99E18-3FBF-3C5C-7C6D-584BD8853E33}.Debug|Any CPU.ActiveCfg = Debug|Any CPU
		{87D99E18-3FBF-3C5C-7C6D-584BD8853E33}.Debug|Any CPU.Build.0 = Debug|Any CPU
		{87D99E18-3FBF-3C5C-7C6D-584BD8853E33}.Release|Any CPU.ActiveCfg = Release|Any CPU
		{87D99E18-3FBF-3C5C-7C6D-584BD8853E33}.Release|Any CPU.Build.0 = Release|Any CPU
	EndGlobalSection
	GlobalSection(SolutionProperties) = preSolution
		HideSolutionNode = FALSE
	EndGlobalSection
											GlobalSection(MonoDevelopProperties) = preSolution
		StartupItem = Assembly-CSharp.csproj
		Policies = $0
		$0.TextStylePolicy = $1
		$1.inheritsSet = null
		$1.scope = text/x-csharp
		$0.CSharpFormattingPolicy = $2
		$2.inheritsSet = Mono
		$2.inheritsScope = text/x-csharp
		$2.scope = text/x-csharp
		$0.TextStylePolicy = $3
		$3.FileWidth = 120
		$3.TabWidth = 4
		$3.EolMarker = Unix
		$3.inheritsSet = Mono
		$3.inheritsScope = text/plain
		$3.scope = text/plain
	EndGlobalSection

EndGlobal
